# THIS IS AN AUTOGENERATED FILE. DO NOT EDIT THIS FILE DIRECTLY.
# yarn lockfile v1


"@protobufjs/aspromise@^1.1.1", "@protobufjs/aspromise@^1.1.2":
  "integrity" "sha1-m4sMxmPWaafY9vXQiToU00jzD78="
  "resolved" "https://registry.npm.taobao.org/@protobufjs/aspromise/download/@protobufjs/aspromise-1.1.2.tgz"
  "version" "1.1.2"

"@protobufjs/base64@^1.1.2":
  "integrity" "sha1-TIVzDlm5ofHzSQR9vyQpYDS7JzU="
  "resolved" "https://registry.npm.taobao.org/@protobufjs/base64/download/@protobufjs/base64-1.1.2.tgz"
  "version" "1.1.2"

"@protobufjs/codegen@^2.0.4":
  "integrity" "sha1-fvN/DQEPsCitGtWXIuUG2SYoFcs="
  "resolved" "https://registry.npm.taobao.org/@protobufjs/codegen/download/@protobufjs/codegen-2.0.4.tgz"
  "version" "2.0.4"

"@protobufjs/eventemitter@^1.1.0":
  "integrity" "sha1-NVy8mLr61ZePntCV85diHx0Ga3A="
  "resolved" "https://registry.npm.taobao.org/@protobufjs/eventemitter/download/@protobufjs/eventemitter-1.1.0.tgz"
  "version" "1.1.0"

"@protobufjs/fetch@^1.1.0":
  "integrity" "sha1-upn7WYYUr2VwDBYZ/wbUVLDYTEU="
  "resolved" "https://registry.npm.taobao.org/@protobufjs/fetch/download/@protobufjs/fetch-1.1.0.tgz"
  "version" "1.1.0"
  dependencies:
    "@protobufjs/aspromise" "^1.1.1"
    "@protobufjs/inquire" "^1.1.0"

"@protobufjs/float@^1.0.2":
  "integrity" "sha1-Xp4avctz/Ap8uLKR33jIy9l7h9E="
  "resolved" "https://registry.npm.taobao.org/@protobufjs/float/download/@protobufjs/float-1.0.2.tgz"
  "version" "1.0.2"

"@protobufjs/inquire@^1.1.0":
  "integrity" "sha1-/yAOPnzyQp4tyvwRQIKOjMY48Ik="
  "resolved" "https://registry.npm.taobao.org/@protobufjs/inquire/download/@protobufjs/inquire-1.1.0.tgz"
  "version" "1.1.0"

"@protobufjs/path@^1.1.2":
  "integrity" "sha1-bMKyDFya1q0NzP0hynZz2Nf79o0="
  "resolved" "https://registry.npm.taobao.org/@protobufjs/path/download/@protobufjs/path-1.1.2.tgz"
  "version" "1.1.2"

"@protobufjs/pool@^1.1.0":
  "integrity" "sha1-Cf0V8tbTq/qbZbw2ZQbWrXhG/1Q="
  "resolved" "https://registry.npm.taobao.org/@protobufjs/pool/download/@protobufjs/pool-1.1.0.tgz"
  "version" "1.1.0"

"@protobufjs/utf8@^1.1.0":
  "integrity" "sha1-p3c2C1s5oaLlEG+OhY8v0tBgxXA="
  "resolved" "https://registry.npm.taobao.org/@protobufjs/utf8/download/@protobufjs/utf8-1.1.0.tgz"
  "version" "1.1.0"

"@types/long@^4.0.0":
  "integrity" "sha1-RZxl+hhn2v5qjzIsTFFpVmPMVek="
  "resolved" "https://registry.npm.taobao.org/@types/long/download/@types/long-4.0.1.tgz"
  "version" "4.0.1"

"@types/node@^10.1.0":
  "integrity" "sha1-HTHd1VA9uir3qQGq/vM5LklVYg4="
  "resolved" "https://registry.npm.taobao.org/@types/node/download/@types/node-10.17.19.tgz"
  "version" "10.17.19"

"at-least-node@^1.0.0":
  "integrity" "sha1-YCzUtG6EStTv/JKoARo8RuAjjcI="
  "resolved" "https://registry.npm.taobao.org/at-least-node/download/at-least-node-1.0.0.tgz"
  "version" "1.0.0"

"fs-extra@^9.0.0":
  "integrity" "sha1-tq/DEDbiR7JGbcmcKa55fV1FgKM="
  "resolved" "https://registry.npm.taobao.org/fs-extra/download/fs-extra-9.0.0.tgz"
  "version" "9.0.0"
  dependencies:
    "at-least-node" "^1.0.0"
    "graceful-fs" "^4.2.0"
    "jsonfile" "^6.0.1"
    "universalify" "^1.0.0"

"graceful-fs@^4.1.6", "graceful-fs@^4.2.0":
  "integrity" "sha1-ShL/G2A3bvCYYsIJPt2Qgyi+hCM="
  "resolved" "https://registry.npm.taobao.org/graceful-fs/download/graceful-fs-4.2.3.tgz"
  "version" "4.2.3"

"jsonfile@^6.0.1":
  "integrity" "sha1-mJZsuiFDeMjIS4LghZB7QL9hQXk="
  "resolved" "https://registry.npm.taobao.org/jsonfile/download/jsonfile-6.0.1.tgz"
  "version" "6.0.1"
  dependencies:
    "universalify" "^1.0.0"
  optionalDependencies:
    "graceful-fs" "^4.1.6"

"long@^4.0.0":
  "integrity" "sha1-mntxz7fTYaGU6lVSQckvdGjVvyg="
  "resolved" "https://registry.npm.taobao.org/long/download/long-4.0.0.tgz"
  "version" "4.0.0"

"protobufjs@^6.8.9":
  "integrity" "sha1-CxrbzaqYPTacPZEIqXyBTtwDB1Q="
  "resolved" "https://registry.npm.taobao.org/protobufjs/download/protobufjs-6.8.9.tgz?cache=0&sync_timestamp=1583953806899&other_urls=https%3A%2F%2Fregistry.npm.taobao.org%2Fprotobufjs%2Fdownload%2Fprotobufjs-6.8.9.tgz"
  "version" "6.8.9"
  dependencies:
    "@protobufjs/aspromise" "^1.1.2"
    "@protobufjs/base64" "^1.1.2"
    "@protobufjs/codegen" "^2.0.4"
    "@protobufjs/eventemitter" "^1.1.0"
    "@protobufjs/fetch" "^1.1.0"
    "@protobufjs/float" "^1.0.2"
    "@protobufjs/inquire" "^1.1.0"
    "@protobufjs/path" "^1.1.2"
    "@protobufjs/pool" "^1.1.0"
    "@protobufjs/utf8" "^1.1.0"
    "@types/long" "^4.0.0"
    "@types/node" "^10.1.0"
    "long" "^4.0.0"

"universalify@^1.0.0":
  "integrity" "sha1-thodoXPoQ1sv48Z9Kbmt+FlL0W0="
  "resolved" "https://registry.npm.taobao.org/universalify/download/universalify-1.0.0.tgz"
  "version" "1.0.0"
